
Microsoft Visual Studio Solution File, Format Version 12.00
# Visual Studio Version 17
VisualStudioVersion = 17.9.34622.214
MinimumVisualStudioVersion = 10.0.40219.1
Project("{FAE04EC0-301F-11D3-BF4B-00C04F79EFBC}") = "Weather_Monitoring_Application", "Weather_Monitoring_Application\Weather_Monitoring_Application.csproj", "{B0F92EDA-0180-4B14-917C-3F2C1BECAFC5}"
EndProject
Global
	GlobalSection(SolutionConfigurationPlatforms) = preSolution
		Debug|Any CPU = Debug|Any CPU
		Release|Any CPU = Release|Any CPU
	EndGlobalSection
	GlobalSection(ProjectConfigurationPlatforms) = postSolution
		{B0F92EDA-0180-4B14-917C-3F2C1BECAFC5}.Debug|Any CPU.ActiveCfg = Debug|Any CPU
		{B0F92EDA-0180-4B14-917C-3F2C1BECAFC5}.Debug|Any CPU.Build.0 = Debug|Any CPU
		{B0F92EDA-0180-4B14-917C-3F2C1BECAFC5}.Release|Any CPU.ActiveCfg = Release|Any CPU
		{B0F92EDA-0180-4B14-917C-3F2C1BECAFC5}.Release|Any CPU.Build.0 = Release|Any CPU
	EndGlobalSection
	GlobalSection(SolutionProperties) = preSolution
		HideSolutionNode = FALSE
	EndGlobalSection
	GlobalSection(ExtensibilityGlobals) = postSolution
		SolutionGuid = {40C46283-306E-42B0-B6D0-76F8A40A6FF6}
	EndGlobalSection
EndGlobal
